{
  "name": "test",
  "version": "1.0.0",
  "lockfileVersion": 1,
  "requires": true,
  "dependencies": {
    "@rbxts/roact": {
      "version": "1.1.6",
      "resolved": "https://registry.npmjs.org/@rbxts/roact/-/roact-1.1.6.tgz",
      "integrity": "sha512-0xaEehr2SFUG8i7fa2Q+vsALPgnKikwGPt5IgHWB9qU6i7oAEAUPma5pH2G195j4h0CW7xni7ZWO5wWQ2ibimA==",
      "dev": true
    },
    "@rbxts/services": {
      "version": "1.0.3",
      "resolved": "https://registry.npmjs.org/@rbxts/services/-/services-1.0.3.tgz",
      "integrity": "sha512-h3R7qNdfrxIuH4e6nBIOgoVifldHxPFtmp+UqhBAKBPydHpk8CKcTImjVpTCuxs34N4kyzCS5RyIZEoF9n+ymA==",
      "dev": true
    },
    "@rbxts/types": {
      "version": "1.0.320",
      "resolved": "https://registry.npmjs.org/@rbxts/types/-/types-1.0.320.tgz",
      "integrity": "sha512-ogcKI/DswSdQFPE45y/fNLlZ4wBl8XqxrS6zvrd0+hzLTpO898XiscWaKGJ2r9KdFo9KI3YFz3dQxF7EdQCaJQ==",
      "dev": true
    }
  }
}
